
Microsoft Visual Studio Solution File, Format Version 12.00
# Visual Studio Version 16
VisualStudioVersion = 16.0.34301.259
MinimumVisualStudioVersion = 10.0.40219.1
Project("{FAE04EC0-301F-11D3-BF4B-00C04F79EFBC}") = "BearerTokenLocalStore", "BearerTokenLocalStore\BearerTokenLocalStore.csproj", "{97A26650-65A3-48BD-AD7D-5E3B0AA8434B}"
EndProject
Global
	GlobalSection(SolutionConfigurationPlatforms) = preSolution
		Debug|Any CPU = Debug|Any CPU
		Release|Any CPU = Release|Any CPU
	EndGlobalSection
	GlobalSection(ProjectConfigurationPlatforms) = postSolution
		{97A26650-65A3-48BD-AD7D-5E3B0AA8434B}.Debug|Any CPU.ActiveCfg = Debug|Any CPU
		{97A26650-65A3-48BD-AD7D-5E3B0AA8434B}.Debug|Any CPU.Build.0 = Debug|Any CPU
		{97A26650-65A3-48BD-AD7D-5E3B0AA8434B}.Release|Any CPU.ActiveCfg = Release|Any CPU
		{97A26650-65A3-48BD-AD7D-5E3B0AA8434B}.Release|Any CPU.Build.0 = Release|Any CPU
	EndGlobalSection
	GlobalSection(SolutionProperties) = preSolution
		HideSolutionNode = FALSE
	EndGlobalSection
	GlobalSection(ExtensibilityGlobals) = postSolution
		SolutionGuid = {66B4721E-B0E8-48A2-91DB-D033CEC32CA1}
	EndGlobalSection
EndGlobal
